// !$*UTF8*$!
{
	archiveVersion = 1;
	classes = {
	};
	objectVersion = 46;
	objects = {

/* Begin PBXBuildFile section */
		68549CC11DCF2BAF00E12D94 /* AppDelegate.swift in Sources */ = {isa = PBXBuildFile; fileRef = 68549CC01DCF2BAF00E12D94 /* AppDelegate.swift */; };
		68549CC31DCF2BAF00E12D94 /* ViewController.swift in Sources */ = {isa = PBXBuildFile; fileRef = 68549CC21DCF2BAF00E12D94 /* ViewController.swift */; };
		68549CC61DCF2BAF00E12D94 /* Main.storyboard in Resources */ = {isa = PBXBuildFile; fileRef = 68549CC41DCF2BAF00E12D94 /* Main.storyboard */; };
		68549CC91DCF2BAF00E12D94 /* JoeChatSdk.xcdatamodeld in Sources */ = {isa = PBXBuildFile; fileRef = 68549CC71DCF2BAF00E12D94 /* JoeChatSdk.xcdatamodeld */; };
		68549CCB1DCF2BAF00E12D94 /* Assets.xcassets in Resources */ = {isa = PBXBuildFile; fileRef = 68549CCA1DCF2BAF00E12D94 /* Assets.xcassets */; };
		68549CCE1DCF2BAF00E12D94 /* LaunchScreen.storyboard in Resources */ = {isa = PBXBuildFile; fileRef = 68549CCC1DCF2BAF00E12D94 /* LaunchScreen.storyboard */; };
		68BE2DFD1DD1C66E00D9A66D /* Constants.swift in Sources */ = {isa = PBXBuildFile; fileRef = 68BE2DFC1DD1C66E00D9A66D /* Constants.swift */; };
		68BE2DFF1DD1C9BD00D9A66D /* JhCustomer.swift in Sources */ = {isa = PBXBuildFile; fileRef = 68BE2DFE1DD1C9BD00D9A66D /* JhCustomer.swift */; };
		68BE2E031DD1C9FC00D9A66D /* JhMessage.swift in Sources */ = {isa = PBXBuildFile; fileRef = 68BE2E021DD1C9FC00D9A66D /* JhMessage.swift */; };
		68BE2E051DD1CA0B00D9A66D /* BaseModel.swift in Sources */ = {isa = PBXBuildFile; fileRef = 68BE2E041DD1CA0B00D9A66D /* BaseModel.swift */; };
		68BE2E0A1DD20E8700D9A66D /* MessagingConverter.swift in Sources */ = {isa = PBXBuildFile; fileRef = 68BE2E091DD20E8700D9A66D /* MessagingConverter.swift */; };
		68BE2E0C1DD20E9B00D9A66D /* CustomerConverter.swift in Sources */ = {isa = PBXBuildFile; fileRef = 68BE2E0B1DD20E9B00D9A66D /* CustomerConverter.swift */; };
		68BE2E0E1DD3284700D9A66D /* NpsClient.swift in Sources */ = {isa = PBXBuildFile; fileRef = 68BE2E0D1DD3284700D9A66D /* NpsClient.swift */; };
		68C34B721DCF2F96005DA8A9 /* MessagingService.swift in Sources */ = {isa = PBXBuildFile; fileRef = 68C34B711DCF2F96005DA8A9 /* MessagingService.swift */; };
		68C34B741DCF2FAE005DA8A9 /* CustomerService.swift in Sources */ = {isa = PBXBuildFile; fileRef = 68C34B731DCF2FAE005DA8A9 /* CustomerService.swift */; };
		68C34B761DCF2FC4005DA8A9 /* PersistanceService.swift in Sources */ = {isa = PBXBuildFile; fileRef = 68C34B751DCF2FC4005DA8A9 /* PersistanceService.swift */; };
		68C34B7A1DCF3029005DA8A9 /* CustomerClient.swift in Sources */ = {isa = PBXBuildFile; fileRef = 68C34B791DCF3029005DA8A9 /* CustomerClient.swift */; };
		68C34B7C1DCF3064005DA8A9 /* MessagingClient.swift in Sources */ = {isa = PBXBuildFile; fileRef = 68C34B7B1DCF3064005DA8A9 /* MessagingClient.swift */; };
		68C34B7E1DCF308F005DA8A9 /* BaseHttpClient.swift in Sources */ = {isa = PBXBuildFile; fileRef = 68C34B7D1DCF308F005DA8A9 /* BaseHttpClient.swift */; };
		BF786F0FADB44711AE893FB3 /* Pods_JoeChatSdk.framework in Frameworks */ = {isa = PBXBuildFile; fileRef = 0B67FC6DA53D492483EB8680 /* Pods_JoeChatSdk.framework */; };
/* End PBXBuildFile section */

/* Begin PBXFileReference section */
		0A9D01A1BEE34E9EDE69BC48 /* Pods-JoeChatSdk.debug.xcconfig */ = {isa = PBXFileReference; includeInIndex = 1; lastKnownFileType = text.xcconfig; name = "Pods-JoeChatSdk.debug.xcconfig"; path = "Pods/Target Support Files/Pods-JoeChatSdk/Pods-JoeChatSdk.debug.xcconfig"; sourceTree = "<group>"; };
		0B67FC6DA53D492483EB8680 /* Pods_JoeChatSdk.framework */ = {isa = PBXFileReference; explicitFileType = wrapper.framework; includeInIndex = 0; path = Pods_JoeChatSdk.framework; sourceTree = BUILT_PRODUCTS_DIR; };
		68549CBD1DCF2BAF00E12D94 /* JoeChatSdk.app */ = {isa = PBXFileReference; explicitFileType = wrapper.application; includeInIndex = 0; path = JoeChatSdk.app; sourceTree = BUILT_PRODUCTS_DIR; };
		68549CC01DCF2BAF00E12D94 /* AppDelegate.swift */ = {isa = PBXFileReference; lastKnownFileType = sourcecode.swift; path = AppDelegate.swift; sourceTree = "<group>"; };
		68549CC21DCF2BAF00E12D94 /* ViewController.swift */ = {isa = PBXFileReference; lastKnownFileType = sourcecode.swift; path = ViewController.swift; sourceTree = "<group>"; };
		68549CC51DCF2BAF00E12D94 /* Base */ = {isa = PBXFileReference; lastKnownFileType = file.storyboard; name = Base; path = Base.lproj/Main.storyboard; sourceTree = "<group>"; };
		68549CC81DCF2BAF00E12D94 /* JoeChatSdk.xcdatamodel */ = {isa = PBXFileReference; lastKnownFileType = wrapper.xcdatamodel; path = JoeChatSdk.xcdatamodel; sourceTree = "<group>"; };
		68549CCA1DCF2BAF00E12D94 /* Assets.xcassets */ = {isa = PBXFileReference; lastKnownFileType = folder.assetcatalog; path = Assets.xcassets; sourceTree = "<group>"; };
		68549CCD1DCF2BAF00E12D94 /* Base */ = {isa = PBXFileReference; lastKnownFileType = file.storyboard; name = Base; path = Base.lproj/LaunchScreen.storyboard; sourceTree = "<group>"; };
		68549CCF1DCF2BAF00E12D94 /* Info.plist */ = {isa = PBXFileReference; lastKnownFileType = text.plist.xml; path = Info.plist; sourceTree = "<group>"; };
		68BE2DFC1DD1C66E00D9A66D /* Constants.swift */ = {isa = PBXFileReference; fileEncoding = 4; lastKnownFileType = sourcecode.swift; name = Constants.swift; path = services/Constants.swift; sourceTree = "<group>"; };
		68BE2DFE1DD1C9BD00D9A66D /* JhCustomer.swift */ = {isa = PBXFileReference; fileEncoding = 4; lastKnownFileType = sourcecode.swift; name = JhCustomer.swift; path = models/JhCustomer.swift; sourceTree = "<group>"; };
		68BE2E021DD1C9FC00D9A66D /* JhMessage.swift */ = {isa = PBXFileReference; fileEncoding = 4; lastKnownFileType = sourcecode.swift; name = JhMessage.swift; path = models/JhMessage.swift; sourceTree = "<group>"; };
		68BE2E041DD1CA0B00D9A66D /* BaseModel.swift */ = {isa = PBXFileReference; fileEncoding = 4; lastKnownFileType = sourcecode.swift; name = BaseModel.swift; path = models/BaseModel.swift; sourceTree = "<group>"; };
		68BE2E091DD20E8700D9A66D /* MessagingConverter.swift */ = {isa = PBXFileReference; fileEncoding = 4; lastKnownFileType = sourcecode.swift; name = MessagingConverter.swift; path = converters/MessagingConverter.swift; sourceTree = "<group>"; };
		68BE2E0B1DD20E9B00D9A66D /* CustomerConverter.swift */ = {isa = PBXFileReference; fileEncoding = 4; lastKnownFileType = sourcecode.swift; name = CustomerConverter.swift; path = converters/CustomerConverter.swift; sourceTree = "<group>"; };
		68BE2E0D1DD3284700D9A66D /* NpsClient.swift */ = {isa = PBXFileReference; fileEncoding = 4; lastKnownFileType = sourcecode.swift; name = NpsClient.swift; path = services/NpsClient.swift; sourceTree = "<group>"; };
		68C34B711DCF2F96005DA8A9 /* MessagingService.swift */ = {isa = PBXFileReference; fileEncoding = 4; lastKnownFileType = sourcecode.swift; name = MessagingService.swift; path = services/MessagingService.swift; sourceTree = "<group>"; };
		68C34B731DCF2FAE005DA8A9 /* CustomerService.swift */ = {isa = PBXFileReference; fileEncoding = 4; lastKnownFileType = sourcecode.swift; name = CustomerService.swift; path = services/CustomerService.swift; sourceTree = "<group>"; };
		68C34B751DCF2FC4005DA8A9 /* PersistanceService.swift */ = {isa = PBXFileReference; fileEncoding = 4; lastKnownFileType = sourcecode.swift; name = PersistanceService.swift; path = services/PersistanceService.swift; sourceTree = "<group>"; };
		68C34B791DCF3029005DA8A9 /* CustomerClient.swift */ = {isa = PBXFileReference; fileEncoding = 4; lastKnownFileType = sourcecode.swift; name = CustomerClient.swift; path = services/CustomerClient.swift; sourceTree = "<group>"; };
		68C34B7B1DCF3064005DA8A9 /* MessagingClient.swift */ = {isa = PBXFileReference; fileEncoding = 4; lastKnownFileType = sourcecode.swift; name = MessagingClient.swift; path = services/MessagingClient.swift; sourceTree = "<group>"; };
		68C34B7D1DCF308F005DA8A9 /* BaseHttpClient.swift */ = {isa = PBXFileReference; fileEncoding = 4; lastKnownFileType = sourcecode.swift; path = BaseHttpClient.swift; sourceTree = "<group>"; };
		F27E23F37525B754765BBF2A /* Pods-JoeChatSdk.release.xcconfig */ = {isa = PBXFileReference; includeInIndex = 1; lastKnownFileType = text.xcconfig; name = "Pods-JoeChatSdk.release.xcconfig"; path = "Pods/Target Support Files/Pods-JoeChatSdk/Pods-JoeChatSdk.release.xcconfig"; sourceTree = "<group>"; };
/* End PBXFileReference section */

/* Begin PBXFrameworksBuildPhase section */
		68549CBA1DCF2BAF00E12D94 /* Frameworks */ = {
			isa = PBXFrameworksBuildPhase;
			buildActionMask = 2147483647;
			files = (
				BF786F0FADB44711AE893FB3 /* Pods_JoeChatSdk.framework in Frameworks */,
			);
			runOnlyForDeploymentPostprocessing = 0;
		};
/* End PBXFrameworksBuildPhase section */

/* Begin PBXGroup section */
		2F5AF206ADA29B8AF466E3B2 /* Pods */ = {
			isa = PBXGroup;
			children = (
				0A9D01A1BEE34E9EDE69BC48 /* Pods-JoeChatSdk.debug.xcconfig */,
				F27E23F37525B754765BBF2A /* Pods-JoeChatSdk.release.xcconfig */,
			);
			name = Pods;
			sourceTree = "<group>";
		};
		68549CB41DCF2BAF00E12D94 = {
			isa = PBXGroup;
			children = (
				68549CBF1DCF2BAF00E12D94 /* JoeChatSdk */,
				68549CBE1DCF2BAF00E12D94 /* Products */,
				2F5AF206ADA29B8AF466E3B2 /* Pods */,
				C6B5FB69A580B6F5CA69391F /* Frameworks */,
			);
			sourceTree = "<group>";
		};
		68549CBE1DCF2BAF00E12D94 /* Products */ = {
			isa = PBXGroup;
			children = (
				68549CBD1DCF2BAF00E12D94 /* JoeChatSdk.app */,
			);
			name = Products;
			sourceTree = "<group>";
		};
		68549CBF1DCF2BAF00E12D94 /* JoeChatSdk */ = {
			isa = PBXGroup;
			children = (
				68549CC01DCF2BAF00E12D94 /* AppDelegate.swift */,
				68C34B651DCF2E28005DA8A9 /* ui */,
				68C34B6C1DCF2EE2005DA8A9 /* models */,
				68C34B641DCF2E17005DA8A9 /* services */,
				68549CCF1DCF2BAF00E12D94 /* Info.plist */,
				68549CC71DCF2BAF00E12D94 /* JoeChatSdk.xcdatamodeld */,
			);
			path = JoeChatSdk;
			sourceTree = "<group>";
		};
		68BE2E081DD20E5400D9A66D /* converters */ = {
			isa = PBXGroup;
			children = (
				68BE2E091DD20E8700D9A66D /* MessagingConverter.swift */,
				68BE2E0B1DD20E9B00D9A66D /* CustomerConverter.swift */,
			);
			name = converters;
			sourceTree = "<group>";
		};
		68C34B641DCF2E17005DA8A9 /* services */ = {
			isa = PBXGroup;
			children = (
				68C34B711DCF2F96005DA8A9 /* MessagingService.swift */,
				68C34B731DCF2FAE005DA8A9 /* CustomerService.swift */,
				68C34B751DCF2FC4005DA8A9 /* PersistanceService.swift */,
				68C34B791DCF3029005DA8A9 /* CustomerClient.swift */,
				68C34B7B1DCF3064005DA8A9 /* MessagingClient.swift */,
				68BE2E0D1DD3284700D9A66D /* NpsClient.swift */,
				68C34B7D1DCF308F005DA8A9 /* BaseHttpClient.swift */,
				68BE2DFC1DD1C66E00D9A66D /* Constants.swift */,
				68BE2E081DD20E5400D9A66D /* converters */,
			);
			name = services;
			sourceTree = "<group>";
		};
		68C34B651DCF2E28005DA8A9 /* ui */ = {
			isa = PBXGroup;
			children = (
				68549CC21DCF2BAF00E12D94 /* ViewController.swift */,
				68549CC41DCF2BAF00E12D94 /* Main.storyboard */,
				68549CCA1DCF2BAF00E12D94 /* Assets.xcassets */,
				68549CCC1DCF2BAF00E12D94 /* LaunchScreen.storyboard */,
			);
			name = ui;
			sourceTree = "<group>";
		};
		68C34B6C1DCF2EE2005DA8A9 /* models */ = {
			isa = PBXGroup;
			children = (
				68BE2DFE1DD1C9BD00D9A66D /* JhCustomer.swift */,
				68BE2E021DD1C9FC00D9A66D /* JhMessage.swift */,
				68BE2E041DD1CA0B00D9A66D /* BaseModel.swift */,
			);
			name = models;
			sourceTree = "<group>";
		};
		C6B5FB69A580B6F5CA69391F /* Frameworks */ = {
			isa = PBXGroup;
			children = (
				0B67FC6DA53D492483EB8680 /* Pods_JoeChatSdk.framework */,
			);
			name = Frameworks;
			sourceTree = "<group>";
		};
/* End PBXGroup section */

/* Begin PBXNativeTarget section */
		68549CBC1DCF2BAF00E12D94 /* JoeChatSdk */ = {
			isa = PBXNativeTarget;
			buildConfigurationList = 68549CD21DCF2BAF00E12D94 /* Build configuration list for PBXNativeTarget "JoeChatSdk" */;
			buildPhases = (
				76BD0F0F48FE11E1705471EE /* [CP] Check Pods Manifest.lock */,
				68549CB91DCF2BAF00E12D94 /* Sources */,
				68549CBA1DCF2BAF00E12D94 /* Frameworks */,
				68549CBB1DCF2BAF00E12D94 /* Resources */,
				2A7E08E4004524DDFDA37489 /* [CP] Embed Pods Frameworks */,
				D7526322108E5768FE9FBD00 /* [CP] Copy Pods Resources */,
			);
			buildRules = (
			);
			dependencies = (
			);
			name = JoeChatSdk;
			productName = JoeChatSdk;
			productReference = 68549CBD1DCF2BAF00E12D94 /* JoeChatSdk.app */;
			productType = "com.apple.product-type.application";
		};
/* End PBXNativeTarget section */

/* Begin PBXProject section */
		68549CB51DCF2BAF00E12D94 /* Project object */ = {
			isa = PBXProject;
			attributes = {
				LastSwiftUpdateCheck = 0810;
				LastUpgradeCheck = 0810;
				ORGANIZATIONNAME = Joe;
				TargetAttributes = {
					68549CBC1DCF2BAF00E12D94 = {
						CreatedOnToolsVersion = 8.1;
						DevelopmentTeam = 4A8FW736R7;
						ProvisioningStyle = Automatic;
					};
				};
			};
			buildConfigurationList = 68549CB81DCF2BAF00E12D94 /* Build configuration list for PBXProject "JoeChatSdk" */;
			compatibilityVersion = "Xcode 3.2";
			developmentRegion = English;
			hasScannedForEncodings = 0;
			knownRegions = (
				en,
				Base,
			);
			mainGroup = 68549CB41DCF2BAF00E12D94;
			productRefGroup = 68549CBE1DCF2BAF00E12D94 /* Products */;
			projectDirPath = "";
			projectRoot = "";
			targets = (
				68549CBC1DCF2BAF00E12D94 /* JoeChatSdk */,
			);
		};
/* End PBXProject section */

/* Begin PBXResourcesBuildPhase section */
		68549CBB1DCF2BAF00E12D94 /* Resources */ = {
			isa = PBXResourcesBuildPhase;
			buildActionMask = 2147483647;
			files = (
				68549CCE1DCF2BAF00E12D94 /* LaunchScreen.storyboard in Resources */,
				68549CCB1DCF2BAF00E12D94 /* Assets.xcassets in Resources */,
				68549CC61DCF2BAF00E12D94 /* Main.storyboard in Resources */,
			);
			runOnlyForDeploymentPostprocessing = 0;
		};
/* End PBXResourcesBuildPhase section */

/* Begin PBXShellScriptBuildPhase section */
		2A7E08E4004524DDFDA37489 /* [CP] Embed Pods Frameworks */ = {
			isa = PBXShellScriptBuildPhase;
			buildActionMask = 2147483647;
			files = (
			);
			inputPaths = (
			);
			name = "[CP] Embed Pods Frameworks";
			outputPaths = (
			);
			runOnlyForDeploymentPostprocessing = 0;
			shellPath = /bin/sh;
			shellScript = "\"${SRCROOT}/Pods/Target Support Files/Pods-JoeChatSdk/Pods-JoeChatSdk-frameworks.sh\"\n";
			showEnvVarsInLog = 0;
		};
		76BD0F0F48FE11E1705471EE /* [CP] Check Pods Manifest.lock */ = {
			isa = PBXShellScriptBuildPhase;
			buildActionMask = 2147483647;
			files = (
			);
			inputPaths = (
			);
			name = "[CP] Check Pods Manifest.lock";
			outputPaths = (
			);
			runOnlyForDeploymentPostprocessing = 0;
			shellPath = /bin/sh;
			shellScript = "diff \"${PODS_ROOT}/../Podfile.lock\" \"${PODS_ROOT}/Manifest.lock\" > /dev/null\nif [ $? != 0 ] ; then\n    # print error to STDERR\n    echo \"error: The sandbox is not in sync with the Podfile.lock. Run 'pod install' or update your CocoaPods installation.\" >&2\n    exit 1\nfi\n";
			showEnvVarsInLog = 0;
		};
		D7526322108E5768FE9FBD00 /* [CP] Copy Pods Resources */ = {
			isa = PBXShellScriptBuildPhase;
			buildActionMask = 2147483647;
			files = (
			);
			inputPaths = (
			);
			name = "[CP] Copy Pods Resources";
			outputPaths = (
			);
			runOnlyForDeploymentPostprocessing = 0;
			shellPath = /bin/sh;
			shellScript = "\"${SRCROOT}/Pods/Target Support Files/Pods-JoeChatSdk/Pods-JoeChatSdk-resources.sh\"\n";
			showEnvVarsInLog = 0;
		};
/* End PBXShellScriptBuildPhase section */

/* Begin PBXSourcesBuildPhase section */
		68549CB91DCF2BAF00E12D94 /* Sources */ = {
			isa = PBXSourcesBuildPhase;
			buildActionMask = 2147483647;
			files = (
				68C34B7A1DCF3029005DA8A9 /* CustomerClient.swift in Sources */,
				68BE2E0C1DD20E9B00D9A66D /* CustomerConverter.swift in Sources */,
				68BE2DFD1DD1C66E00D9A66D /* Constants.swift in Sources */,
				68BE2DFF1DD1C9BD00D9A66D /* JhCustomer.swift in Sources */,
				68BE2E051DD1CA0B00D9A66D /* BaseModel.swift in Sources */,
				68549CC91DCF2BAF00E12D94 /* JoeChatSdk.xcdatamodeld in Sources */,
				68BE2E0A1DD20E8700D9A66D /* MessagingConverter.swift in Sources */,
				68C34B7E1DCF308F005DA8A9 /* BaseHttpClient.swift in Sources */,
				68549CC31DCF2BAF00E12D94 /* ViewController.swift in Sources */,
				68C34B741DCF2FAE005DA8A9 /* CustomerService.swift in Sources */,
				68C34B721DCF2F96005DA8A9 /* MessagingService.swift in Sources */,
				68C34B7C1DCF3064005DA8A9 /* MessagingClient.swift in Sources */,
				68BE2E031DD1C9FC00D9A66D /* JhMessage.swift in Sources */,
				68BE2E0E1DD3284700D9A66D /* NpsClient.swift in Sources */,
				68C34B761DCF2FC4005DA8A9 /* PersistanceService.swift in Sources */,
				68549CC11DCF2BAF00E12D94 /* AppDelegate.swift in Sources */,
			);
			runOnlyForDeploymentPostprocessing = 0;
		};
/* End PBXSourcesBuildPhase section */

/* Begin PBXVariantGroup section */
		68549CC41DCF2BAF00E12D94 /* Main.storyboard */ = {
			isa = PBXVariantGroup;
			children = (
				68549CC51DCF2BAF00E12D94 /* Base */,
			);
			name = Main.storyboard;
			sourceTree = "<group>";
		};
		68549CCC1DCF2BAF00E12D94 /* LaunchScreen.storyboard */ = {
			isa = PBXVariantGroup;
			children = (
				68549CCD1DCF2BAF00E12D94 /* Base */,
			);
			name = LaunchScreen.storyboard;
			sourceTree = "<group>";
		};
/* End PBXVariantGroup section */

/* Begin XCBuildConfiguration section */
		68549CD01DCF2BAF00E12D94 /* Debug */ = {
			isa = XCBuildConfiguration;
			buildSettings = {
				ALWAYS_SEARCH_USER_PATHS = NO;
				CLANG_ANALYZER_NONNULL = YES;
				CLANG_CXX_LANGUAGE_STANDARD = "gnu++0x";
				CLANG_CXX_LIBRARY = "libc++";
				CLANG_ENABLE_MODULES = YES;
				CLANG_ENABLE_OBJC_ARC = YES;
				CLANG_WARN_BOOL_CONVERSION = YES;
				CLANG_WARN_CONSTANT_CONVERSION = YES;
				CLANG_WARN_DIRECT_OBJC_ISA_USAGE = YES_ERROR;
				CLANG_WARN_DOCUMENTATION_COMMENTS = YES;
				CLANG_WARN_EMPTY_BODY = YES;
				CLANG_WARN_ENUM_CONVERSION = YES;
				CLANG_WARN_INFINITE_RECURSION = YES;
				CLANG_WARN_INT_CONVERSION = YES;
				CLANG_WARN_OBJC_ROOT_CLASS = YES_ERROR;
				CLANG_WARN_SUSPICIOUS_MOVES = YES;
				CLANG_WARN_UNREACHABLE_CODE = YES;
				CLANG_WARN__DUPLICATE_METHOD_MATCH = YES;
				"CODE_SIGN_IDENTITY[sdk=iphoneos*]" = "iPhone Developer";
				COPY_PHASE_STRIP = NO;
				DEBUG_INFORMATION_FORMAT = dwarf;
				ENABLE_STRICT_OBJC_MSGSEND = YES;
				ENABLE_TESTABILITY = YES;
				GCC_C_LANGUAGE_STANDARD = gnu99;
				GCC_DYNAMIC_NO_PIC = NO;
				GCC_NO_COMMON_BLOCKS = YES;
				GCC_OPTIMIZATION_LEVEL = 0;
				GCC_PREPROCESSOR_DEFINITIONS = (
					"DEBUG=1",
					"$(inherited)",
				);
				GCC_WARN_64_TO_32_BIT_CONVERSION = YES;
				GCC_WARN_ABOUT_RETURN_TYPE = YES_ERROR;
				GCC_WARN_UNDECLARED_SELECTOR = YES;
				GCC_WARN_UNINITIALIZED_AUTOS = YES_AGGRESSIVE;
				GCC_WARN_UNUSED_FUNCTION = YES;
				GCC_WARN_UNUSED_VARIABLE = YES;
				IPHONEOS_DEPLOYMENT_TARGET = 10.1;
				MTL_ENABLE_DEBUG_INFO = YES;
				ONLY_ACTIVE_ARCH = YES;
				SDKROOT = iphoneos;
				SWIFT_ACTIVE_COMPILATION_CONDITIONS = DEBUG;
				SWIFT_OPTIMIZATION_LEVEL = "-Onone";
				TARGETED_DEVICE_FAMILY = "1,2";
			};
			name = Debug;
		};
		68549CD11DCF2BAF00E12D94 /* Release */ = {
			isa = XCBuildConfiguration;
			buildSettings = {
				ALWAYS_SEARCH_USER_PATHS = NO;
				CLANG_ANALYZER_NONNULL = YES;
				CLANG_CXX_LANGUAGE_STANDARD = "gnu++0x";
				CLANG_CXX_LIBRARY = "libc++";
				CLANG_ENABLE_MODULES = YES;
				CLANG_ENABLE_OBJC_ARC = YES;
				CLANG_WARN_BOOL_CONVERSION = YES;
				CLANG_WARN_CONSTANT_CONVERSION = YES;
				CLANG_WARN_DIRECT_OBJC_ISA_USAGE = YES_ERROR;
				CLANG_WARN_DOCUMENTATION_COMMENTS = YES;
				CLANG_WARN_EMPTY_BODY = YES;
				CLANG_WARN_ENUM_CONVERSION = YES;
				CLANG_WARN_INFINITE_RECURSION = YES;
				CLANG_WARN_INT_CONVERSION = YES;
				CLANG_WARN_OBJC_ROOT_CLASS = YES_ERROR;
				CLANG_WARN_SUSPICIOUS_MOVES = YES;
				CLANG_WARN_UNREACHABLE_CODE = YES;
				CLANG_WARN__DUPLICATE_METHOD_MATCH = YES;
				"CODE_SIGN_IDENTITY[sdk=iphoneos*]" = "iPhone Developer";
				COPY_PHASE_STRIP = NO;
				DEBUG_INFORMATION_FORMAT = "dwarf-with-dsym";
				ENABLE_NS_ASSERTIONS = NO;
				ENABLE_STRICT_OBJC_MSGSEND = YES;
				GCC_C_LANGUAGE_STANDARD = gnu99;
				GCC_NO_COMMON_BLOCKS = YES;
				GCC_WARN_64_TO_32_BIT_CONVERSION = YES;
				GCC_WARN_ABOUT_RETURN_TYPE = YES_ERROR;
				GCC_WARN_UNDECLARED_SELECTOR = YES;
				GCC_WARN_UNINITIALIZED_AUTOS = YES_AGGRESSIVE;
				GCC_WARN_UNUSED_FUNCTION = YES;
				GCC_WARN_UNUSED_VARIABLE = YES;
				IPHONEOS_DEPLOYMENT_TARGET = 10.1;
				MTL_ENABLE_DEBUG_INFO = NO;
				SDKROOT = iphoneos;
				SWIFT_OPTIMIZATION_LEVEL = "-Owholemodule";
				TARGETED_DEVICE_FAMILY = "1,2";
				VALIDATE_PRODUCT = YES;
			};
			name = Release;
		};
		68549CD31DCF2BAF00E12D94 /* Debug */ = {
			isa = XCBuildConfiguration;
			baseConfigurationReference = 0A9D01A1BEE34E9EDE69BC48 /* Pods-JoeChatSdk.debug.xcconfig */;
			buildSettings = {
				ASSETCATALOG_COMPILER_APPICON_NAME = AppIcon;
				DEVELOPMENT_TEAM = 4A8FW736R7;
				INFOPLIST_FILE = JoeChatSdk/Info.plist;
				LD_RUNPATH_SEARCH_PATHS = "$(inherited) @executable_path/Frameworks";
				PRODUCT_BUNDLE_IDENTIFIER = in.joe.JoeChatSdk;
				PRODUCT_NAME = "$(TARGET_NAME)";
				SWIFT_VERSION = 3.0;
			};
			name = Debug;
		};
		68549CD41DCF2BAF00E12D94 /* Release */ = {
			isa = XCBuildConfiguration;
			baseConfigurationReference = F27E23F37525B754765BBF2A /* Pods-JoeChatSdk.release.xcconfig */;
			buildSettings = {
				ASSETCATALOG_COMPILER_APPICON_NAME = AppIcon;
				DEVELOPMENT_TEAM = 4A8FW736R7;
				INFOPLIST_FILE = JoeChatSdk/Info.plist;
				LD_RUNPATH_SEARCH_PATHS = "$(inherited) @executable_path/Frameworks";
				PRODUCT_BUNDLE_IDENTIFIER = in.joe.JoeChatSdk;
				PRODUCT_NAME = "$(TARGET_NAME)";
				SWIFT_VERSION = 3.0;
			};
			name = Release;
		};
/* End XCBuildConfiguration section */

/* Begin XCConfigurationList section */
		68549CB81DCF2BAF00E12D94 /* Build configuration list for PBXProject "JoeChatSdk" */ = {
			isa = XCConfigurationList;
			buildConfigurations = (
				68549CD01DCF2BAF00E12D94 /* Debug */,
				68549CD11DCF2BAF00E12D94 /* Release */,
			);
			defaultConfigurationIsVisible = 0;
			defaultConfigurationName = Release;
		};
		68549CD21DCF2BAF00E12D94 /* Build configuration list for PBXNativeTarget "JoeChatSdk" */ = {
			isa = XCConfigurationList;
			buildConfigurations = (
				68549CD31DCF2BAF00E12D94 /* Debug */,
				68549CD41DCF2BAF00E12D94 /* Release */,
			);
			defaultConfigurationIsVisible = 0;
			defaultConfigurationName = Release;
		};
/* End XCConfigurationList section */

/* Begin XCVersionGroup section */
		68549CC71DCF2BAF00E12D94 /* JoeChatSdk.xcdatamodeld */ = {
			isa = XCVersionGroup;
			children = (
				68549CC81DCF2BAF00E12D94 /* JoeChatSdk.xcdatamodel */,
			);
			currentVersion = 68549CC81DCF2BAF00E12D94 /* JoeChatSdk.xcdatamodel */;
			path = JoeChatSdk.xcdatamodeld;
			sourceTree = "<group>";
			versionGroupType = wrapper.xcdatamodel;
		};
/* End XCVersionGroup section */
	};
	rootObject = 68549CB51DCF2BAF00E12D94 /* Project object */;
}
